
Microsoft Visual Studio Solution File, Format Version 12.00
# Visual Studio Version 16
VisualStudioVersion = 16.0.31702.278
MinimumVisualStudioVersion = 10.0.40219.1
Project("{FAE04EC0-301F-11D3-BF4B-00C04F79EFBC}") = "Crud Task 058 Nabeeg", "Crud Task 058 Nabeeg\Crud Task 058 Nabeeg.csproj", "{8CEF360D-7A12-40FE-821C-3018F8BED73A}"
EndProject
Global
	GlobalSection(SolutionConfigurationPlatforms) = preSolution
		Debug|Any CPU = Debug|Any CPU
		Release|Any CPU = Release|Any CPU
	EndGlobalSection
	GlobalSection(ProjectConfigurationPlatforms) = postSolution
		{8CEF360D-7A12-40FE-821C-3018F8BED73A}.Debug|Any CPU.ActiveCfg = Debug|Any CPU
		{8CEF360D-7A12-40FE-821C-3018F8BED73A}.Debug|Any CPU.Build.0 = Debug|Any CPU
		{8CEF360D-7A12-40FE-821C-3018F8BED73A}.Release|Any CPU.ActiveCfg = Release|Any CPU
		{8CEF360D-7A12-40FE-821C-3018F8BED73A}.Release|Any CPU.Build.0 = Release|Any CPU
	EndGlobalSection
	GlobalSection(SolutionProperties) = preSolution
		HideSolutionNode = FALSE
	EndGlobalSection
	GlobalSection(ExtensibilityGlobals) = postSolution
		SolutionGuid = {BC235591-E71D-47C4-A486-A31DE046C15A}
	EndGlobalSection
EndGlobal
